
Microsoft Visual Studio Solution File, Format Version 12.00
# Visual Studio Version 16
VisualStudioVersion = 16.0.29509.3
MinimumVisualStudioVersion = 10.0.40219.1
Project("{FAE04EC0-301F-11D3-BF4B-00C04F79EFBC}") = "Farmacie", "Farmacie.csproj", "{4598D103-C129-47B7-9A33-CA8DAD39936E}"
EndProject
Global
	GlobalSection(SolutionConfigurationPlatforms) = preSolution
		Debug|Any CPU = Debug|Any CPU
		Release|Any CPU = Release|Any CPU
	EndGlobalSection
	GlobalSection(ProjectConfigurationPlatforms) = postSolution
		{4598D103-C129-47B7-9A33-CA8DAD39936E}.Debug|Any CPU.ActiveCfg = Debug|Any CPU
		{4598D103-C129-47B7-9A33-CA8DAD39936E}.Debug|Any CPU.Build.0 = Debug|Any CPU
		{4598D103-C129-47B7-9A33-CA8DAD39936E}.Release|Any CPU.ActiveCfg = Release|Any CPU
		{4598D103-C129-47B7-9A33-CA8DAD39936E}.Release|Any CPU.Build.0 = Release|Any CPU
	EndGlobalSection
	GlobalSection(SolutionProperties) = preSolution
		HideSolutionNode = FALSE
	EndGlobalSection
	GlobalSection(ExtensibilityGlobals) = postSolution
		SolutionGuid = {81657991-FEA6-44B3-9D3A-5B9F1CE3F337}
	EndGlobalSection
EndGlobal
